<?xml version="1.0" encoding="utf-8"?>
<Project ToolsVersion="4.0" xmlns="http://schemas.microsoft.com/developer/msbuild/2003">
  <ItemGroup>
    <Filter Include="源文件">
      <UniqueIdentifier>{4FC737F1-C7A5-4376-A066-2A32D752A2FF}</UniqueIdentifier>
      <Extensions>cpp;c;cc;cxx;c++;cppm;ixx;def;odl;idl;hpj;bat;asm;asmx</Extensions>
    </Filter>
    <Filter Include="头文件">
      <UniqueIdentifier>{93995380-89BD-4b04-88EB-625FBE52EBFB}</UniqueIdentifier>
      <Extensions>h;hh;hpp;hxx;h++;hm;inl;inc;ipp;xsd</Extensions>
    </Filter>
    <Filter Include="资源文件">
      <UniqueIdentifier>{67DA6AB6-F800-4c08-8B7A-83BB121AAD01}</UniqueIdentifier>
      <Extensions>rc;ico;cur;bmp;dlg;rc2;rct;bin;rgs;gif;jpg;jpeg;jpe;resx;tiff;tif;png;wav;mfcribbon-ms</Extensions>
    </Filter>
  </ItemGroup>
  <ItemGroup>
    <ClCompile Include="goboard.cpp">
      <Filter>源文件</Filter>
    </ClCompile>
    <ClCompile Include="gotypes.cpp">
      <Filter>源文件</Filter>
    </ClCompile>
    <ClCompile Include="LayoutEncoder.cpp">
      <Filter>源文件</Filter>
    </ClCompile>
    <ClCompile Include="ParallelTreeNode.cpp">
      <Filter>源文件</Filter>
    </ClCompile>
    <ClCompile Include="test.cpp">
      <Filter>源文件</Filter>
    </ClCompile>
    <ClCompile Include="test1.cpp">
      <Filter>源文件</Filter>
    </ClCompile>
    <ClCompile Include="test2.cpp">
      <Filter>源文件</Filter>
    </ClCompile>
    <ClCompile Include="Expert.cpp">
      <Filter>源文件</Filter>
    </ClCompile>
    <ClCompile Include="Experience.cpp">
      <Filter>源文件</Filter>
    </ClCompile>
    <ClCompile Include="Net.cpp">
      <Filter>源文件</Filter>
    </ClCompile>
    <ClCompile Include="test3.cpp">
      <Filter>源文件</Filter>
    </ClCompile>
    <ClCompile Include="MoveEncoder.cpp">
      <Filter>源文件</Filter>
    </ClCompile>
    <ClCompile Include="MoveExperience.cpp">
      <Filter>源文件</Filter>
    </ClCompile>
    <ClCompile Include="random.cpp">
      <Filter>源文件</Filter>
    </ClCompile>
    <ClCompile Include="test4.cpp">
      <Filter>源文件</Filter>
    </ClCompile>
    <ClCompile Include="test5.cpp">
      <Filter>源文件</Filter>
    </ClCompile>
    <ClCompile Include="LayoutExperience.h">
      <Filter>头文件</Filter>
    </ClCompile>
    <ClCompile Include="LayoutExperience.cpp">
      <Filter>源文件</Filter>
    </ClCompile>
    <ClCompile Include="MoveAgent.cpp">
      <Filter>源文件</Filter>
    </ClCompile>
    <ClCompile Include="main.cpp">
      <Filter>源文件</Filter>
    </ClCompile>
    <ClCompile Include="ExpertAgent.cpp">
      <Filter>源文件</Filter>
    </ClCompile>
    <ClCompile Include="vs.cpp">
      <Filter>源文件</Filter>
    </ClCompile>
    <ClCompile Include="bisai.cpp">
      <Filter>源文件</Filter>
    </ClCompile>
    <ClCompile Include="test_singal.cpp">
      <Filter>源文件</Filter>
    </ClCompile>
  </ItemGroup>
  <ItemGroup>
    <ClInclude Include="gotypes.h">
      <Filter>头文件</Filter>
    </ClInclude>
    <ClInclude Include="APV_MCTS.h">
      <Filter>头文件</Filter>
    </ClInclude>
    <ClInclude Include="goboard.h">
      <Filter>头文件</Filter>
    </ClInclude>
    <ClInclude Include="LayoutEncoder.h">
      <Filter>头文件</Filter>
    </ClInclude>
    <ClInclude Include="ParallelTreeNode.h">
      <Filter>头文件</Filter>
    </ClInclude>
    <ClInclude Include="random.h">
      <Filter>头文件</Filter>
    </ClInclude>
    <ClInclude Include="test2.h">
      <Filter>头文件</Filter>
    </ClInclude>
    <ClInclude Include="ThreadPool.h">
      <Filter>头文件</Filter>
    </ClInclude>
    <ClInclude Include="Expert.h">
      <Filter>头文件</Filter>
    </ClInclude>
    <ClInclude Include="Experience.h">
      <Filter>头文件</Filter>
    </ClInclude>
    <ClInclude Include="Net.h">
      <Filter>头文件</Filter>
    </ClInclude>
    <ClInclude Include="MoveEncoder.h">
      <Filter>头文件</Filter>
    </ClInclude>
    <ClInclude Include="MoveExperience.h">
      <Filter>头文件</Filter>
    </ClInclude>
    <ClInclude Include="MoveAgent.h">
      <Filter>头文件</Filter>
    </ClInclude>
    <ClInclude Include="ExpertAgent.h">
      <Filter>头文件</Filter>
    </ClInclude>
  </ItemGroup>
  <ItemGroup>
    <None Include="ThreadPool.tpp" />
  </ItemGroup>
</Project>